
Microsoft Visual Studio Solution File, Format Version 12.00
# Visual Studio Version 16
VisualStudioVersion = 16.0.31507.150
MinimumVisualStudioVersion = 10.0.40219.1
Project("{FAE04EC0-301F-11D3-BF4B-00C04F79EFBC}") = "HRTest.Android", "HRTest.Android\HRTest.Android.csproj", "{1CDB7750-8448-45AC-B995-16F3D64E98A8}"
EndProject
Project("{FAE04EC0-301F-11D3-BF4B-00C04F79EFBC}") = "HRTest.iOS", "HRTest.iOS\HRTest.iOS.csproj", "{1EB17438-6F7D-43D4-86AB-8C8835A9F442}"
EndProject
Project("{FAE04EC0-301F-11D3-BF4B-00C04F79EFBC}") = "HRTest", "HRTest\HRTest.csproj", "{B4D30244-4E18-456D-B5B4-52241C013493}"
EndProject
Global
	GlobalSection(SolutionConfigurationPlatforms) = preSolution
		Debug|Any CPU = Debug|Any CPU
		Debug|iPhone = Debug|iPhone
		Debug|iPhoneSimulator = Debug|iPhoneSimulator
		Release|Any CPU = Release|Any CPU
		Release|iPhone = Release|iPhone
		Release|iPhoneSimulator = Release|iPhoneSimulator
	EndGlobalSection
	GlobalSection(ProjectConfigurationPlatforms) = postSolution
		{1CDB7750-8448-45AC-B995-16F3D64E98A8}.Debug|Any CPU.ActiveCfg = Debug|Any CPU
		{1CDB7750-8448-45AC-B995-16F3D64E98A8}.Debug|Any CPU.Build.0 = Debug|Any CPU
		{1CDB7750-8448-45AC-B995-16F3D64E98A8}.Debug|Any CPU.Deploy.0 = Debug|Any CPU
		{1CDB7750-8448-45AC-B995-16F3D64E98A8}.Debug|iPhone.ActiveCfg = Debug|Any CPU
		{1CDB7750-8448-45AC-B995-16F3D64E98A8}.Debug|iPhone.Build.0 = Debug|Any CPU
		{1CDB7750-8448-45AC-B995-16F3D64E98A8}.Debug|iPhone.Deploy.0 = Debug|Any CPU
		{1CDB7750-8448-45AC-B995-16F3D64E98A8}.Debug|iPhoneSimulator.ActiveCfg = Debug|Any CPU
		{1CDB7750-8448-45AC-B995-16F3D64E98A8}.Debug|iPhoneSimulator.Build.0 = Debug|Any CPU
		{1CDB7750-8448-45AC-B995-16F3D64E98A8}.Debug|iPhoneSimulator.Deploy.0 = Debug|Any CPU
		{1CDB7750-8448-45AC-B995-16F3D64E98A8}.Release|Any CPU.ActiveCfg = Release|Any CPU
		{1CDB7750-8448-45AC-B995-16F3D64E98A8}.Release|Any CPU.Build.0 = Release|Any CPU
		{1CDB7750-8448-45AC-B995-16F3D64E98A8}.Release|Any CPU.Deploy.0 = Release|Any CPU
		{1CDB7750-8448-45AC-B995-16F3D64E98A8}.Release|iPhone.ActiveCfg = Release|Any CPU
		{1CDB7750-8448-45AC-B995-16F3D64E98A8}.Release|iPhone.Build.0 = Release|Any CPU
		{1CDB7750-8448-45AC-B995-16F3D64E98A8}.Release|iPhone.Deploy.0 = Release|Any CPU
		{1CDB7750-8448-45AC-B995-16F3D64E98A8}.Release|iPhoneSimulator.ActiveCfg = Release|Any CPU
		{1CDB7750-8448-45AC-B995-16F3D64E98A8}.Release|iPhoneSimulator.Build.0 = Release|Any CPU
		{1CDB7750-8448-45AC-B995-16F3D64E98A8}.Release|iPhoneSimulator.Deploy.0 = Release|Any CPU
		{1EB17438-6F7D-43D4-86AB-8C8835A9F442}.Debug|Any CPU.ActiveCfg = Debug|iPhone
		{1EB17438-6F7D-43D4-86AB-8C8835A9F442}.Debug|Any CPU.Build.0 = Debug|iPhone
		{1EB17438-6F7D-43D4-86AB-8C8835A9F442}.Debug|Any CPU.Deploy.0 = Debug|iPhone
		{1EB17438-6F7D-43D4-86AB-8C8835A9F442}.Debug|iPhone.ActiveCfg = Debug|iPhone
		{1EB17438-6F7D-43D4-86AB-8C8835A9F442}.Debug|iPhone.Build.0 = Debug|iPhone
		{1EB17438-6F7D-43D4-86AB-8C8835A9F442}.Debug|iPhone.Deploy.0 = Debug|iPhone
		{1EB17438-6F7D-43D4-86AB-8C8835A9F442}.Debug|iPhoneSimulator.ActiveCfg = Debug|iPhoneSimulator
		{1EB17438-6F7D-43D4-86AB-8C8835A9F442}.Debug|iPhoneSimulator.Build.0 = Debug|iPhoneSimulator
		{1EB17438-6F7D-43D4-86AB-8C8835A9F442}.Debug|iPhoneSimulator.Deploy.0 = Debug|iPhoneSimulator
		{1EB17438-6F7D-43D4-86AB-8C8835A9F442}.Release|Any CPU.ActiveCfg = Release|iPhoneSimulator
		{1EB17438-6F7D-43D4-86AB-8C8835A9F442}.Release|Any CPU.Build.0 = Release|iPhoneSimulator
		{1EB17438-6F7D-43D4-86AB-8C8835A9F442}.Release|Any CPU.Deploy.0 = Release|iPhoneSimulator
		{1EB17438-6F7D-43D4-86AB-8C8835A9F442}.Release|iPhone.ActiveCfg = Release|iPhone
		{1EB17438-6F7D-43D4-86AB-8C8835A9F442}.Release|iPhone.Build.0 = Release|iPhone
		{1EB17438-6F7D-43D4-86AB-8C8835A9F442}.Release|iPhone.Deploy.0 = Release|iPhone
		{1EB17438-6F7D-43D4-86AB-8C8835A9F442}.Release|iPhoneSimulator.ActiveCfg = Release|iPhoneSimulator
		{1EB17438-6F7D-43D4-86AB-8C8835A9F442}.Release|iPhoneSimulator.Build.0 = Release|iPhoneSimulator
		{1EB17438-6F7D-43D4-86AB-8C8835A9F442}.Release|iPhoneSimulator.Deploy.0 = Release|iPhoneSimulator
		{B4D30244-4E18-456D-B5B4-52241C013493}.Debug|Any CPU.ActiveCfg = Debug|Any CPU
		{B4D30244-4E18-456D-B5B4-52241C013493}.Debug|Any CPU.Build.0 = Debug|Any CPU
		{B4D30244-4E18-456D-B5B4-52241C013493}.Debug|Any CPU.Deploy.0 = Debug|Any CPU
		{B4D30244-4E18-456D-B5B4-52241C013493}.Debug|iPhone.ActiveCfg = Debug|Any CPU
		{B4D30244-4E18-456D-B5B4-52241C013493}.Debug|iPhone.Build.0 = Debug|Any CPU
		{B4D30244-4E18-456D-B5B4-52241C013493}.Debug|iPhone.Deploy.0 = Debug|Any CPU
		{B4D30244-4E18-456D-B5B4-52241C013493}.Debug|iPhoneSimulator.ActiveCfg = Debug|Any CPU
		{B4D30244-4E18-456D-B5B4-52241C013493}.Debug|iPhoneSimulator.Build.0 = Debug|Any CPU
		{B4D30244-4E18-456D-B5B4-52241C013493}.Debug|iPhoneSimulator.Deploy.0 = Debug|Any CPU
		{B4D30244-4E18-456D-B5B4-52241C013493}.Release|Any CPU.ActiveCfg = Release|Any CPU
		{B4D30244-4E18-456D-B5B4-52241C013493}.Release|Any CPU.Build.0 = Release|Any CPU
		{B4D30244-4E18-456D-B5B4-52241C013493}.Release|Any CPU.Deploy.0 = Release|Any CPU
		{B4D30244-4E18-456D-B5B4-52241C013493}.Release|iPhone.ActiveCfg = Release|Any CPU
		{B4D30244-4E18-456D-B5B4-52241C013493}.Release|iPhone.Build.0 = Release|Any CPU
		{B4D30244-4E18-456D-B5B4-52241C013493}.Release|iPhone.Deploy.0 = Release|Any CPU
		{B4D30244-4E18-456D-B5B4-52241C013493}.Release|iPhoneSimulator.ActiveCfg = Release|Any CPU
		{B4D30244-4E18-456D-B5B4-52241C013493}.Release|iPhoneSimulator.Build.0 = Release|Any CPU
		{B4D30244-4E18-456D-B5B4-52241C013493}.Release|iPhoneSimulator.Deploy.0 = Release|Any CPU
	EndGlobalSection
	GlobalSection(SolutionProperties) = preSolution
		HideSolutionNode = FALSE
	EndGlobalSection
	GlobalSection(ExtensibilityGlobals) = postSolution
		SolutionGuid = {18436F3F-3F97-44C5-BDDA-9A80AABD123A}
	EndGlobalSection
EndGlobal
